
Microsoft Visual Studio Solution File, Format Version 12.00
# Visual Studio 15
VisualStudioVersion = 15.0.28010.2048
MinimumVisualStudioVersion = 10.0.40219.1
Project("{FAE04EC0-301F-11D3-BF4B-00C04F79EFBC}") = "LBCService", "LBCService\LBCService.csproj", "{439AC2FB-0AE9-4351-A3BA-1C0D3DEAC4F6}"
EndProject
Global
	GlobalSection(SolutionConfigurationPlatforms) = preSolution
		Debug|Any CPU = Debug|Any CPU
		Release|Any CPU = Release|Any CPU
	EndGlobalSection
	GlobalSection(ProjectConfigurationPlatforms) = postSolution
		{439AC2FB-0AE9-4351-A3BA-1C0D3DEAC4F6}.Debug|Any CPU.ActiveCfg = Debug|Any CPU
		{439AC2FB-0AE9-4351-A3BA-1C0D3DEAC4F6}.Debug|Any CPU.Build.0 = Debug|Any CPU
		{439AC2FB-0AE9-4351-A3BA-1C0D3DEAC4F6}.Release|Any CPU.ActiveCfg = Release|Any CPU
		{439AC2FB-0AE9-4351-A3BA-1C0D3DEAC4F6}.Release|Any CPU.Build.0 = Release|Any CPU
	EndGlobalSection
	GlobalSection(SolutionProperties) = preSolution
		HideSolutionNode = FALSE
	EndGlobalSection
	GlobalSection(ExtensibilityGlobals) = postSolution
		SolutionGuid = {0182AAEC-A544-4F14-B7EC-7FC2624CCBF6}
	EndGlobalSection
EndGlobal
